{
  "name": "relevantverse",
  "version": "0.1.0",
  "lockfileVersion": 3,
  "requires": true,
  "packages": {
    "": {
      "name": "relevantverse",
      "version": "0.1.0",
      "devDependencies": {
        "world-english-bible": "^1.0.1"
      },
      "engines": {
        "node": ">=18"
      }
    },
    "node_modules/world-english-bible": {
      "version": "1.0.1",
      "resolved": "https://registry.npmjs.org/world-english-bible/-/world-english-bible-1.0.1.tgz",
      "integrity": "sha512-OH/5yt9BYrhy1oBXXwhSuL9ES97t5Ij8rLWeQZUOIFAkoGzZaq8aLcKMBdzwHqPbJBkyMYPhgFj6rzvtT/oT4A==",
      "dev": true,
      "license": "UNLICENSED"
    }
  }
}
